// !$*UTF8*$!
{
	archiveVersion = 1;
	classes = {
	};
	objectVersion = 51;
	objects = {

/* Begin PBXBuildFile section */
		1120FB4B2653935800147F41 /* Assets.xcassets in Resources */ = {isa = PBXBuildFile; fileRef = 1120FB4A2653935800147F41 /* Assets.xcassets */; };
		1135B7F0265393F7009ED1D3 /* Colors.xcassets in Resources */ = {isa = PBXBuildFile; fileRef = 1135B7EF265393F7009ED1D3 /* Colors.xcassets */; };
		11794C8226538F1B00B99377 /* AppDelegate.swift in Sources */ = {isa = PBXBuildFile; fileRef = 11794C8126538F1B00B99377 /* AppDelegate.swift */; };
		11794C8E26538F1C00B99377 /* LaunchScreen.storyboard in Resources */ = {isa = PBXBuildFile; fileRef = 11794C8C26538F1C00B99377 /* LaunchScreen.storyboard */; };
		11794C9926538F1D00B99377 /* Space_XTests.swift in Sources */ = {isa = PBXBuildFile; fileRef = 11794C9826538F1D00B99377 /* Space_XTests.swift */; };
		11794CA426538F1D00B99377 /* Space_XUITests.swift in Sources */ = {isa = PBXBuildFile; fileRef = 11794CA326538F1D00B99377 /* Space_XUITests.swift */; };
		118057EA2653981000BF4784 /* JSONDecoderExtension.swift in Sources */ = {isa = PBXBuildFile; fileRef = 118057E92653981000BF4784 /* JSONDecoderExtension.swift */; };
		118057EF2653981F00BF4784 /* JSONEncoderExtension.swift in Sources */ = {isa = PBXBuildFile; fileRef = 118057EE2653981F00BF4784 /* JSONEncoderExtension.swift */; };
		118057F42653983300BF4784 /* NibLoadableView.swift in Sources */ = {isa = PBXBuildFile; fileRef = 118057F32653983300BF4784 /* NibLoadableView.swift */; };
		118057F92653986800BF4784 /* UIViewControllerExtention.swift in Sources */ = {isa = PBXBuildFile; fileRef = 118057F82653986800BF4784 /* UIViewControllerExtention.swift */; };
		118057FE265398A400BF4784 /* UIAlertController.swift in Sources */ = {isa = PBXBuildFile; fileRef = 118057FD265398A400BF4784 /* UIAlertController.swift */; };
		118058312653A34300BF4784 /* UIImageViewExtension.swift in Sources */ = {isa = PBXBuildFile; fileRef = 118058302653A34300BF4784 /* UIImageViewExtension.swift */; };
		118058432653A48A00BF4784 /* UIViewExtention.swift in Sources */ = {isa = PBXBuildFile; fileRef = 118058422653A48A00BF4784 /* UIViewExtention.swift */; };
		118058482653A4CD00BF4784 /* CALayerExtension.swift in Sources */ = {isa = PBXBuildFile; fileRef = 118058472653A4CD00BF4784 /* CALayerExtension.swift */; };
		1180584D2653A51B00BF4784 /* UIBezierPathExtension.swift in Sources */ = {isa = PBXBuildFile; fileRef = 1180584C2653A51B00BF4784 /* UIBezierPathExtension.swift */; };
		118058532653A5E100BF4784 /* SectionViewModel.swift in Sources */ = {isa = PBXBuildFile; fileRef = 118058522653A5E100BF4784 /* SectionViewModel.swift */; };
		118058582653A5F100BF4784 /* TableView.swift in Sources */ = {isa = PBXBuildFile; fileRef = 118058572653A5F100BF4784 /* TableView.swift */; };
		1180585D2653A60600BF4784 /* TableViewDataSource.swift in Sources */ = {isa = PBXBuildFile; fileRef = 1180585C2653A60600BF4784 /* TableViewDataSource.swift */; };
		118058622653A61B00BF4784 /* CellViewModel.swift in Sources */ = {isa = PBXBuildFile; fileRef = 118058612653A61B00BF4784 /* CellViewModel.swift */; };
		118058682653A63800BF4784 /* EmptyListView.swift in Sources */ = {isa = PBXBuildFile; fileRef = 118058672653A63800BF4784 /* EmptyListView.swift */; };
		1180586D2653A64A00BF4784 /* EmptyListView.xib in Resources */ = {isa = PBXBuildFile; fileRef = 1180586C2653A64A00BF4784 /* EmptyListView.xib */; };
		118058722653A6A700BF4784 /* UIColorExtention.swift in Sources */ = {isa = PBXBuildFile; fileRef = 118058712653A6A700BF4784 /* UIColorExtention.swift */; };
		1180587C2653A73C00BF4784 /* AlamofireNetworkReachabilityManager.swift in Sources */ = {isa = PBXBuildFile; fileRef = 1180587B2653A73C00BF4784 /* AlamofireNetworkReachabilityManager.swift */; };
		118058842653A7C400BF4784 /* NetStatus.swift in Sources */ = {isa = PBXBuildFile; fileRef = 118058832653A7C400BF4784 /* NetStatus.swift */; };
		118058892653A7D400BF4784 /* NetworkStateNotifier.swift in Sources */ = {isa = PBXBuildFile; fileRef = 118058882653A7D400BF4784 /* NetworkStateNotifier.swift */; };
		1180588E2653A7E300BF4784 /* NetworkNotifierProtocol.swift in Sources */ = {isa = PBXBuildFile; fileRef = 1180588D2653A7E300BF4784 /* NetworkNotifierProtocol.swift */; };
		118058942653A82D00BF4784 /* SpaceXNetworkFactory.swift in Sources */ = {isa = PBXBuildFile; fileRef = 118058932653A82C00BF4784 /* SpaceXNetworkFactory.swift */; };
		118058BB2653A8AD00BF4784 /* ErrorHandlerProtocol.swift in Sources */ = {isa = PBXBuildFile; fileRef = 118058A02653A8AD00BF4784 /* ErrorHandlerProtocol.swift */; };
		118058BC2653A8AD00BF4784 /* ForceUpdateViewController.xib in Resources */ = {isa = PBXBuildFile; fileRef = 118058A32653A8AD00BF4784 /* ForceUpdateViewController.xib */; };
		118058BD2653A8AD00BF4784 /* ForceUpdateViewController.swift in Sources */ = {isa = PBXBuildFile; fileRef = 118058A42653A8AD00BF4784 /* ForceUpdateViewController.swift */; };
		118058BE2653A8AD00BF4784 /* ForceUpdateErrorHandler.swift in Sources */ = {isa = PBXBuildFile; fileRef = 118058A52653A8AD00BF4784 /* ForceUpdateErrorHandler.swift */; };
		118058BF2653A8AD00BF4784 /* ForceUpdateRouter.swift in Sources */ = {isa = PBXBuildFile; fileRef = 118058A62653A8AD00BF4784 /* ForceUpdateRouter.swift */; };
		118058C02653A8AD00BF4784 /* UnAuthorizedErrorHandler.swift in Sources */ = {isa = PBXBuildFile; fileRef = 118058A72653A8AD00BF4784 /* UnAuthorizedErrorHandler.swift */; };
		118058C12653A8AD00BF4784 /* GeneralErrors.swift in Sources */ = {isa = PBXBuildFile; fileRef = 118058A82653A8AD00BF4784 /* GeneralErrors.swift */; };
		118058C22653A8AD00BF4784 /* NetworkErrors.swift in Sources */ = {isa = PBXBuildFile; fileRef = 118058A92653A8AD00BF4784 /* NetworkErrors.swift */; };
		118058C32653A8AD00BF4784 /* AppInfoProvider.swift in Sources */ = {isa = PBXBuildFile; fileRef = 118058AB2653A8AD00BF4784 /* AppInfoProvider.swift */; };
		118058C42653A8AD00BF4784 /* NetworkManagerProtocol.swift in Sources */ = {isa = PBXBuildFile; fileRef = 118058AC2653A8AD00BF4784 /* NetworkManagerProtocol.swift */; };
		118058C52653A8AD00BF4784 /* NetworkManager.swift in Sources */ = {isa = PBXBuildFile; fileRef = 118058AD2653A8AD00BF4784 /* NetworkManager.swift */; };
		118058C62653A8AD00BF4784 /* RequestProtocol.swift in Sources */ = {isa = PBXBuildFile; fileRef = 118058AE2653A8AD00BF4784 /* RequestProtocol.swift */; };
		118058C72653A8AD00BF4784 /* TokenProvider.swift in Sources */ = {isa = PBXBuildFile; fileRef = 118058AF2653A8AD00BF4784 /* TokenProvider.swift */; };
		118058C82653A8AE00BF4784 /* Connectivity.swift in Sources */ = {isa = PBXBuildFile; fileRef = 118058B12653A8AD00BF4784 /* Connectivity.swift */; };
		118058C92653A8AE00BF4784 /* CustomMoyaProvider.swift in Sources */ = {isa = PBXBuildFile; fileRef = 118058B22653A8AD00BF4784 /* CustomMoyaProvider.swift */; };
		118058CA2653A8AE00BF4784 /* NetworkActivityPlugin.swift in Sources */ = {isa = PBXBuildFile; fileRef = 118058B42653A8AD00BF4784 /* NetworkActivityPlugin.swift */; };
		118058CB2653A8AE00BF4784 /* AppInfoPlugin.swift in Sources */ = {isa = PBXBuildFile; fileRef = 118058B52653A8AD00BF4784 /* AppInfoPlugin.swift */; };
		118058CC2653A8AE00BF4784 /* NetworkLoggerPlugin.swift in Sources */ = {isa = PBXBuildFile; fileRef = 118058B62653A8AD00BF4784 /* NetworkLoggerPlugin.swift */; };
		118058CD2653A8AE00BF4784 /* GeneralErrorHandlerPlugin.swift in Sources */ = {isa = PBXBuildFile; fileRef = 118058B72653A8AD00BF4784 /* GeneralErrorHandlerPlugin.swift */; };
		118058CE2653A8AE00BF4784 /* CustomUrlEncoding.swift in Sources */ = {isa = PBXBuildFile; fileRef = 118058B82653A8AD00BF4784 /* CustomUrlEncoding.swift */; };
		118058CF2653A8AE00BF4784 /* MoyaTarget.swift in Sources */ = {isa = PBXBuildFile; fileRef = 118058B92653A8AD00BF4784 /* MoyaTarget.swift */; };
		118058D02653A8AE00BF4784 /* MoyaService.swift in Sources */ = {isa = PBXBuildFile; fileRef = 118058BA2653A8AD00BF4784 /* MoyaService.swift */; };
		118058D82653AAE500BF4784 /* BackendError.swift in Sources */ = {isa = PBXBuildFile; fileRef = 118058D72653AAE500BF4784 /* BackendError.swift */; };
		118058DD2653AB7300BF4784 /* DataExtension.swift in Sources */ = {isa = PBXBuildFile; fileRef = 118058DC2653AB7300BF4784 /* DataExtension.swift */; };
		118058E32653AC2A00BF4784 /* WindowManager.swift in Sources */ = {isa = PBXBuildFile; fileRef = 118058E22653AC2A00BF4784 /* WindowManager.swift */; };
		118058E82653AC7500BF4784 /* StringExtention.swift in Sources */ = {isa = PBXBuildFile; fileRef = 118058E72653AC7500BF4784 /* StringExtention.swift */; };
		118058EE2653ACF600BF4784 /* CustomNavigationController.swift in Sources */ = {isa = PBXBuildFile; fileRef = 118058ED2653ACF600BF4784 /* CustomNavigationController.swift */; };
		118058FF2653B96200BF4784 /* UIWindow+ChangeRoot.swift in Sources */ = {isa = PBXBuildFile; fileRef = 118058FA2653B96200BF4784 /* UIWindow+ChangeRoot.swift */; };
		118059002653B96200BF4784 /* RTAChangeRootProtocol.swift in Sources */ = {isa = PBXBuildFile; fileRef = 118058FB2653B96200BF4784 /* RTAChangeRootProtocol.swift */; };
		118059012653B96200BF4784 /* RTAChangeRootTransitionStyle.swift in Sources */ = {isa = PBXBuildFile; fileRef = 118058FC2653B96200BF4784 /* RTAChangeRootTransitionStyle.swift */; };
		118059022653B96200BF4784 /* RTAChangeRootProtocolExtension.swift in Sources */ = {isa = PBXBuildFile; fileRef = 118058FD2653B96200BF4784 /* RTAChangeRootProtocolExtension.swift */; };
		118059032653B96200BF4784 /* RTAChangeRootSegue.swift in Sources */ = {isa = PBXBuildFile; fileRef = 118058FE2653B96200BF4784 /* RTAChangeRootSegue.swift */; };
		1180591B2653BB4900BF4784 /* InfoDictionary.swift in Sources */ = {isa = PBXBuildFile; fileRef = 1180591A2653BB4900BF4784 /* InfoDictionary.swift */; };
		118059412653BD1200BF4784 /* Logger.swift in Sources */ = {isa = PBXBuildFile; fileRef = 118059402653BD1200BF4784 /* Logger.swift */; };
		118059462653BD2A00BF4784 /* DependencyContainer.swift in Sources */ = {isa = PBXBuildFile; fileRef = 118059452653BD2A00BF4784 /* DependencyContainer.swift */; };
		124EA8DC991FA8D64AFEE985 /* Pods_Space_XTests.framework in Frameworks */ = {isa = PBXBuildFile; fileRef = 5594ABA85451330483758A06 /* Pods_Space_XTests.framework */; };
		577D3A1693383BBECB021E6A /* Pods_Space_X_Space_XUITests.framework in Frameworks */ = {isa = PBXBuildFile; fileRef = ADDA811E27785C37D13FD2C5 /* Pods_Space_X_Space_XUITests.framework */; };
		7846383061B5B0521463F00A /* Pods_Space_X.framework in Frameworks */ = {isa = PBXBuildFile; fileRef = 63BD45C203C1F366DA62480A /* Pods_Space_X.framework */; };
/* End PBXBuildFile section */

/* Begin PBXContainerItemProxy section */
		11794C9526538F1D00B99377 /* PBXContainerItemProxy */ = {
			isa = PBXContainerItemProxy;
			containerPortal = 11794C7626538F1B00B99377 /* Project object */;
			proxyType = 1;
			remoteGlobalIDString = 11794C7D26538F1B00B99377;
			remoteInfo = "Space-X";
		};
		11794CA026538F1D00B99377 /* PBXContainerItemProxy */ = {
			isa = PBXContainerItemProxy;
			containerPortal = 11794C7626538F1B00B99377 /* Project object */;
			proxyType = 1;
			remoteGlobalIDString = 11794C7D26538F1B00B99377;
			remoteInfo = "Space-X";
		};
/* End PBXContainerItemProxy section */

/* Begin PBXFileReference section */
		1120FB4A2653935800147F41 /* Assets.xcassets */ = {isa = PBXFileReference; lastKnownFileType = folder.assetcatalog; path = Assets.xcassets; sourceTree = "<group>"; };
		1135B7EF265393F7009ED1D3 /* Colors.xcassets */ = {isa = PBXFileReference; lastKnownFileType = folder.assetcatalog; path = Colors.xcassets; sourceTree = "<group>"; };
		11794C7E26538F1B00B99377 /* Space-X.app */ = {isa = PBXFileReference; explicitFileType = wrapper.application; includeInIndex = 0; path = "Space-X.app"; sourceTree = BUILT_PRODUCTS_DIR; };
		11794C8126538F1B00B99377 /* AppDelegate.swift */ = {isa = PBXFileReference; lastKnownFileType = sourcecode.swift; path = AppDelegate.swift; sourceTree = "<group>"; };
		11794C8D26538F1C00B99377 /* Base */ = {isa = PBXFileReference; lastKnownFileType = file.storyboard; name = Base; path = Base.lproj/LaunchScreen.storyboard; sourceTree = "<group>"; };
		11794C8F26538F1C00B99377 /* Info.plist */ = {isa = PBXFileReference; lastKnownFileType = text.plist.xml; path = Info.plist; sourceTree = "<group>"; };
		11794C9426538F1D00B99377 /* Space-XTests.xctest */ = {isa = PBXFileReference; explicitFileType = wrapper.cfbundle; includeInIndex = 0; path = "Space-XTests.xctest"; sourceTree = BUILT_PRODUCTS_DIR; };
		11794C9826538F1D00B99377 /* Space_XTests.swift */ = {isa = PBXFileReference; lastKnownFileType = sourcecode.swift; path = Space_XTests.swift; sourceTree = "<group>"; };
		11794C9A26538F1D00B99377 /* Info.plist */ = {isa = PBXFileReference; lastKnownFileType = text.plist.xml; path = Info.plist; sourceTree = "<group>"; };
		11794C9F26538F1D00B99377 /* Space-XUITests.xctest */ = {isa = PBXFileReference; explicitFileType = wrapper.cfbundle; includeInIndex = 0; path = "Space-XUITests.xctest"; sourceTree = BUILT_PRODUCTS_DIR; };
		11794CA326538F1D00B99377 /* Space_XUITests.swift */ = {isa = PBXFileReference; lastKnownFileType = sourcecode.swift; path = Space_XUITests.swift; sourceTree = "<group>"; };
		11794CA526538F1D00B99377 /* Info.plist */ = {isa = PBXFileReference; lastKnownFileType = text.plist.xml; path = Info.plist; sourceTree = "<group>"; };
		11794CCA2653916600B99377 /* Config-Development.xcconfig */ = {isa = PBXFileReference; lastKnownFileType = text.xcconfig; path = "Config-Development.xcconfig"; sourceTree = "<group>"; };
		11794CCB2653917500B99377 /* Config-Stage.xcconfig */ = {isa = PBXFileReference; lastKnownFileType = text.xcconfig; path = "Config-Stage.xcconfig"; sourceTree = "<group>"; };
		11794CCC2653918300B99377 /* Config-Production.xcconfig */ = {isa = PBXFileReference; lastKnownFileType = text.xcconfig; path = "Config-Production.xcconfig"; sourceTree = "<group>"; };
		118057E92653981000BF4784 /* JSONDecoderExtension.swift */ = {isa = PBXFileReference; lastKnownFileType = sourcecode.swift; path = JSONDecoderExtension.swift; sourceTree = "<group>"; };
		118057EE2653981F00BF4784 /* JSONEncoderExtension.swift */ = {isa = PBXFileReference; lastKnownFileType = sourcecode.swift; path = JSONEncoderExtension.swift; sourceTree = "<group>"; };
		118057F32653983300BF4784 /* NibLoadableView.swift */ = {isa = PBXFileReference; lastKnownFileType = sourcecode.swift; path = NibLoadableView.swift; sourceTree = "<group>"; };
		118057F82653986800BF4784 /* UIViewControllerExtention.swift */ = {isa = PBXFileReference; lastKnownFileType = sourcecode.swift; path = UIViewControllerExtention.swift; sourceTree = "<group>"; };
		118057FD265398A400BF4784 /* UIAlertController.swift */ = {isa = PBXFileReference; lastKnownFileType = sourcecode.swift; path = UIAlertController.swift; sourceTree = "<group>"; };
		118058302653A34300BF4784 /* UIImageViewExtension.swift */ = {isa = PBXFileReference; lastKnownFileType = sourcecode.swift; path = UIImageViewExtension.swift; sourceTree = "<group>"; };
		118058422653A48A00BF4784 /* UIViewExtention.swift */ = {isa = PBXFileReference; lastKnownFileType = sourcecode.swift; path = UIViewExtention.swift; sourceTree = "<group>"; };
		118058472653A4CD00BF4784 /* CALayerExtension.swift */ = {isa = PBXFileReference; lastKnownFileType = sourcecode.swift; path = CALayerExtension.swift; sourceTree = "<group>"; };
		1180584C2653A51B00BF4784 /* UIBezierPathExtension.swift */ = {isa = PBXFileReference; lastKnownFileType = sourcecode.swift; path = UIBezierPathExtension.swift; sourceTree = "<group>"; };
		118058522653A5E100BF4784 /* SectionViewModel.swift */ = {isa = PBXFileReference; lastKnownFileType = sourcecode.swift; path = SectionViewModel.swift; sourceTree = "<group>"; };
		118058572653A5F100BF4784 /* TableView.swift */ = {isa = PBXFileReference; lastKnownFileType = sourcecode.swift; path = TableView.swift; sourceTree = "<group>"; };
		1180585C2653A60600BF4784 /* TableViewDataSource.swift */ = {isa = PBXFileReference; lastKnownFileType = sourcecode.swift; path = TableViewDataSource.swift; sourceTree = "<group>"; };
		118058612653A61B00BF4784 /* CellViewModel.swift */ = {isa = PBXFileReference; lastKnownFileType = sourcecode.swift; path = CellViewModel.swift; sourceTree = "<group>"; };
		118058672653A63800BF4784 /* EmptyListView.swift */ = {isa = PBXFileReference; lastKnownFileType = sourcecode.swift; path = EmptyListView.swift; sourceTree = "<group>"; };
		1180586C2653A64A00BF4784 /* EmptyListView.xib */ = {isa = PBXFileReference; lastKnownFileType = file.xib; path = EmptyListView.xib; sourceTree = "<group>"; };
		118058712653A6A700BF4784 /* UIColorExtention.swift */ = {isa = PBXFileReference; lastKnownFileType = sourcecode.swift; path = UIColorExtention.swift; sourceTree = "<group>"; };
		1180587B2653A73C00BF4784 /* AlamofireNetworkReachabilityManager.swift */ = {isa = PBXFileReference; lastKnownFileType = sourcecode.swift; path = AlamofireNetworkReachabilityManager.swift; sourceTree = "<group>"; };
		118058832653A7C400BF4784 /* NetStatus.swift */ = {isa = PBXFileReference; lastKnownFileType = sourcecode.swift; path = NetStatus.swift; sourceTree = "<group>"; };
		118058882653A7D400BF4784 /* NetworkStateNotifier.swift */ = {isa = PBXFileReference; lastKnownFileType = sourcecode.swift; path = NetworkStateNotifier.swift; sourceTree = "<group>"; };
		1180588D2653A7E300BF4784 /* NetworkNotifierProtocol.swift */ = {isa = PBXFileReference; lastKnownFileType = sourcecode.swift; path = NetworkNotifierProtocol.swift; sourceTree = "<group>"; };
		118058932653A82C00BF4784 /* SpaceXNetworkFactory.swift */ = {isa = PBXFileReference; lastKnownFileType = sourcecode.swift; path = SpaceXNetworkFactory.swift; sourceTree = "<group>"; };
		118058A02653A8AD00BF4784 /* ErrorHandlerProtocol.swift */ = {isa = PBXFileReference; fileEncoding = 4; lastKnownFileType = sourcecode.swift; path = ErrorHandlerProtocol.swift; sourceTree = "<group>"; };
		118058A32653A8AD00BF4784 /* ForceUpdateViewController.xib */ = {isa = PBXFileReference; fileEncoding = 4; lastKnownFileType = file.xib; path = ForceUpdateViewController.xib; sourceTree = "<group>"; };
		118058A42653A8AD00BF4784 /* ForceUpdateViewController.swift */ = {isa = PBXFileReference; fileEncoding = 4; lastKnownFileType = sourcecode.swift; path = ForceUpdateViewController.swift; sourceTree = "<group>"; };
		118058A52653A8AD00BF4784 /* ForceUpdateErrorHandler.swift */ = {isa = PBXFileReference; fileEncoding = 4; lastKnownFileType = sourcecode.swift; path = ForceUpdateErrorHandler.swift; sourceTree = "<group>"; };
		118058A62653A8AD00BF4784 /* ForceUpdateRouter.swift */ = {isa = PBXFileReference; fileEncoding = 4; lastKnownFileType = sourcecode.swift; path = ForceUpdateRouter.swift; sourceTree = "<group>"; };
		118058A72653A8AD00BF4784 /* UnAuthorizedErrorHandler.swift */ = {isa = PBXFileReference; fileEncoding = 4; lastKnownFileType = sourcecode.swift; path = UnAuthorizedErrorHandler.swift; sourceTree = "<group>"; };
		118058A82653A8AD00BF4784 /* GeneralErrors.swift */ = {isa = PBXFileReference; fileEncoding = 4; lastKnownFileType = sourcecode.swift; path = GeneralErrors.swift; sourceTree = "<group>"; };
		118058A92653A8AD00BF4784 /* NetworkErrors.swift */ = {isa = PBXFileReference; fileEncoding = 4; lastKnownFileType = sourcecode.swift; path = NetworkErrors.swift; sourceTree = "<group>"; };
		118058AB2653A8AD00BF4784 /* AppInfoProvider.swift */ = {isa = PBXFileReference; fileEncoding = 4; lastKnownFileType = sourcecode.swift; path = AppInfoProvider.swift; sourceTree = "<group>"; };
		118058AC2653A8AD00BF4784 /* NetworkManagerProtocol.swift */ = {isa = PBXFileReference; fileEncoding = 4; lastKnownFileType = sourcecode.swift; path = NetworkManagerProtocol.swift; sourceTree = "<group>"; };
		118058AD2653A8AD00BF4784 /* NetworkManager.swift */ = {isa = PBXFileReference; fileEncoding = 4; lastKnownFileType = sourcecode.swift; path = NetworkManager.swift; sourceTree = "<group>"; };
		118058AE2653A8AD00BF4784 /* RequestProtocol.swift */ = {isa = PBXFileReference; fileEncoding = 4; lastKnownFileType = sourcecode.swift; path = RequestProtocol.swift; sourceTree = "<group>"; };
		118058AF2653A8AD00BF4784 /* TokenProvider.swift */ = {isa = PBXFileReference; fileEncoding = 4; lastKnownFileType = sourcecode.swift; path = TokenProvider.swift; sourceTree = "<group>"; };
		118058B12653A8AD00BF4784 /* Connectivity.swift */ = {isa = PBXFileReference; fileEncoding = 4; lastKnownFileType = sourcecode.swift; path = Connectivity.swift; sourceTree = "<group>"; };
		118058B22653A8AD00BF4784 /* CustomMoyaProvider.swift */ = {isa = PBXFileReference; fileEncoding = 4; lastKnownFileType = sourcecode.swift; path = CustomMoyaProvider.swift; sourceTree = "<group>"; };
		118058B42653A8AD00BF4784 /* NetworkActivityPlugin.swift */ = {isa = PBXFileReference; fileEncoding = 4; lastKnownFileType = sourcecode.swift; path = NetworkActivityPlugin.swift; sourceTree = "<group>"; };
		118058B52653A8AD00BF4784 /* AppInfoPlugin.swift */ = {isa = PBXFileReference; fileEncoding = 4; lastKnownFileType = sourcecode.swift; path = AppInfoPlugin.swift; sourceTree = "<group>"; };
		118058B62653A8AD00BF4784 /* NetworkLoggerPlugin.swift */ = {isa = PBXFileReference; fileEncoding = 4; lastKnownFileType = sourcecode.swift; path = NetworkLoggerPlugin.swift; sourceTree = "<group>"; };
		118058B72653A8AD00BF4784 /* GeneralErrorHandlerPlugin.swift */ = {isa = PBXFileReference; fileEncoding = 4; lastKnownFileType = sourcecode.swift; path = GeneralErrorHandlerPlugin.swift; sourceTree = "<group>"; };
		118058B82653A8AD00BF4784 /* CustomUrlEncoding.swift */ = {isa = PBXFileReference; fileEncoding = 4; lastKnownFileType = sourcecode.swift; path = CustomUrlEncoding.swift; sourceTree = "<group>"; };
		118058B92653A8AD00BF4784 /* MoyaTarget.swift */ = {isa = PBXFileReference; fileEncoding = 4; lastKnownFileType = sourcecode.swift; path = MoyaTarget.swift; sourceTree = "<group>"; };
		118058BA2653A8AD00BF4784 /* MoyaService.swift */ = {isa = PBXFileReference; fileEncoding = 4; lastKnownFileType = sourcecode.swift; path = MoyaService.swift; sourceTree = "<group>"; };
		118058D72653AAE500BF4784 /* BackendError.swift */ = {isa = PBXFileReference; lastKnownFileType = sourcecode.swift; path = BackendError.swift; sourceTree = "<group>"; };
		118058DC2653AB7300BF4784 /* DataExtension.swift */ = {isa = PBXFileReference; lastKnownFileType = sourcecode.swift; path = DataExtension.swift; sourceTree = "<group>"; };
		118058E22653AC2A00BF4784 /* WindowManager.swift */ = {isa = PBXFileReference; lastKnownFileType = sourcecode.swift; path = WindowManager.swift; sourceTree = "<group>"; };
		118058E72653AC7500BF4784 /* StringExtention.swift */ = {isa = PBXFileReference; lastKnownFileType = sourcecode.swift; path = StringExtention.swift; sourceTree = "<group>"; };
		118058ED2653ACF600BF4784 /* CustomNavigationController.swift */ = {isa = PBXFileReference; lastKnownFileType = sourcecode.swift; path = CustomNavigationController.swift; sourceTree = "<group>"; };
		118058FA2653B96200BF4784 /* UIWindow+ChangeRoot.swift */ = {isa = PBXFileReference; fileEncoding = 4; lastKnownFileType = sourcecode.swift; path = "UIWindow+ChangeRoot.swift"; sourceTree = "<group>"; };
		118058FB2653B96200BF4784 /* RTAChangeRootProtocol.swift */ = {isa = PBXFileReference; fileEncoding = 4; lastKnownFileType = sourcecode.swift; path = RTAChangeRootProtocol.swift; sourceTree = "<group>"; };
		118058FC2653B96200BF4784 /* RTAChangeRootTransitionStyle.swift */ = {isa = PBXFileReference; fileEncoding = 4; lastKnownFileType = sourcecode.swift; path = RTAChangeRootTransitionStyle.swift; sourceTree = "<group>"; };
		118058FD2653B96200BF4784 /* RTAChangeRootProtocolExtension.swift */ = {isa = PBXFileReference; fileEncoding = 4; lastKnownFileType = sourcecode.swift; path = RTAChangeRootProtocolExtension.swift; sourceTree = "<group>"; };
		118058FE2653B96200BF4784 /* RTAChangeRootSegue.swift */ = {isa = PBXFileReference; fileEncoding = 4; lastKnownFileType = sourcecode.swift; path = RTAChangeRootSegue.swift; sourceTree = "<group>"; };
		1180591A2653BB4900BF4784 /* InfoDictionary.swift */ = {isa = PBXFileReference; lastKnownFileType = sourcecode.swift; path = InfoDictionary.swift; sourceTree = "<group>"; };
		118059402653BD1200BF4784 /* Logger.swift */ = {isa = PBXFileReference; lastKnownFileType = sourcecode.swift; path = Logger.swift; sourceTree = "<group>"; };
		118059452653BD2A00BF4784 /* DependencyContainer.swift */ = {isa = PBXFileReference; lastKnownFileType = sourcecode.swift; path = DependencyContainer.swift; sourceTree = "<group>"; };
		348C24E3F220926746D3E98B /* Pods-Space-X.debug.xcconfig */ = {isa = PBXFileReference; includeInIndex = 1; lastKnownFileType = text.xcconfig; name = "Pods-Space-X.debug.xcconfig"; path = "Target Support Files/Pods-Space-X/Pods-Space-X.debug.xcconfig"; sourceTree = "<group>"; };
		4F945F7466E44EA1717A55AF /* Pods-Space-X-Space-XUITests.debug.xcconfig */ = {isa = PBXFileReference; includeInIndex = 1; lastKnownFileType = text.xcconfig; name = "Pods-Space-X-Space-XUITests.debug.xcconfig"; path = "Target Support Files/Pods-Space-X-Space-XUITests/Pods-Space-X-Space-XUITests.debug.xcconfig"; sourceTree = "<group>"; };
		5594ABA85451330483758A06 /* Pods_Space_XTests.framework */ = {isa = PBXFileReference; explicitFileType = wrapper.framework; includeInIndex = 0; path = Pods_Space_XTests.framework; sourceTree = BUILT_PRODUCTS_DIR; };
		63BD45C203C1F366DA62480A /* Pods_Space_X.framework */ = {isa = PBXFileReference; explicitFileType = wrapper.framework; includeInIndex = 0; path = Pods_Space_X.framework; sourceTree = BUILT_PRODUCTS_DIR; };
		64ACD94179BC023CF1133CF0 /* Pods-Space-XTests.debug.xcconfig */ = {isa = PBXFileReference; includeInIndex = 1; lastKnownFileType = text.xcconfig; name = "Pods-Space-XTests.debug.xcconfig"; path = "Target Support Files/Pods-Space-XTests/Pods-Space-XTests.debug.xcconfig"; sourceTree = "<group>"; };
		ADDA811E27785C37D13FD2C5 /* Pods_Space_X_Space_XUITests.framework */ = {isa = PBXFileReference; explicitFileType = wrapper.framework; includeInIndex = 0; path = Pods_Space_X_Space_XUITests.framework; sourceTree = BUILT_PRODUCTS_DIR; };
		E854A4B116E362E326CE3D9F /* Pods-Space-X.release.xcconfig */ = {isa = PBXFileReference; includeInIndex = 1; lastKnownFileType = text.xcconfig; name = "Pods-Space-X.release.xcconfig"; path = "Target Support Files/Pods-Space-X/Pods-Space-X.release.xcconfig"; sourceTree = "<group>"; };
		EFB81887F3B934F186585FCE /* Pods-Space-XTests.release.xcconfig */ = {isa = PBXFileReference; includeInIndex = 1; lastKnownFileType = text.xcconfig; name = "Pods-Space-XTests.release.xcconfig"; path = "Target Support Files/Pods-Space-XTests/Pods-Space-XTests.release.xcconfig"; sourceTree = "<group>"; };
		F28A71A0864CA45DCD581F6D /* Pods-Space-X-Space-XUITests.release.xcconfig */ = {isa = PBXFileReference; includeInIndex = 1; lastKnownFileType = text.xcconfig; name = "Pods-Space-X-Space-XUITests.release.xcconfig"; path = "Target Support Files/Pods-Space-X-Space-XUITests/Pods-Space-X-Space-XUITests.release.xcconfig"; sourceTree = "<group>"; };
/* End PBXFileReference section */

/* Begin PBXFrameworksBuildPhase section */
		11794C7B26538F1B00B99377 /* Frameworks */ = {
			isa = PBXFrameworksBuildPhase;
			buildActionMask = 2147483647;
			files = (
				7846383061B5B0521463F00A /* Pods_Space_X.framework in Frameworks */,
			);
			runOnlyForDeploymentPostprocessing = 0;
		};
		11794C9126538F1D00B99377 /* Frameworks */ = {
			isa = PBXFrameworksBuildPhase;
			buildActionMask = 2147483647;
			files = (
				124EA8DC991FA8D64AFEE985 /* Pods_Space_XTests.framework in Frameworks */,
			);
			runOnlyForDeploymentPostprocessing = 0;
		};
		11794C9C26538F1D00B99377 /* Frameworks */ = {
			isa = PBXFrameworksBuildPhase;
			buildActionMask = 2147483647;
			files = (
				577D3A1693383BBECB021E6A /* Pods_Space_X_Space_XUITests.framework in Frameworks */,
			);
			runOnlyForDeploymentPostprocessing = 0;
		};
/* End PBXFrameworksBuildPhase section */

/* Begin PBXGroup section */
		11794C7526538F1B00B99377 = {
			isa = PBXGroup;
			children = (
				11794C8026538F1B00B99377 /* Space-X */,
				11794C9726538F1D00B99377 /* Space-XTests */,
				11794CA226538F1D00B99377 /* Space-XUITests */,
				11794C7F26538F1B00B99377 /* Products */,
				4F505BD5570E111A73D60078 /* Pods */,
				7990D662B8CF45456CFFD393 /* Frameworks */,
			);
			sourceTree = "<group>";
		};
		11794C7F26538F1B00B99377 /* Products */ = {
			isa = PBXGroup;
			children = (
				11794C7E26538F1B00B99377 /* Space-X.app */,
				11794C9426538F1D00B99377 /* Space-XTests.xctest */,
				11794C9F26538F1D00B99377 /* Space-XUITests.xctest */,
			);
			name = Products;
			sourceTree = "<group>";
		};
		11794C8026538F1B00B99377 /* Space-X */ = {
			isa = PBXGroup;
			children = (
				11794CB726538F5600B99377 /* Common */,
				11794CB826538F5D00B99377 /* Modules */,
				11794CB926538F6B00B99377 /* Resources */,
			);
			path = "Space-X";
			sourceTree = "<group>";
		};
		11794C9726538F1D00B99377 /* Space-XTests */ = {
			isa = PBXGroup;
			children = (
				11794C9826538F1D00B99377 /* Space_XTests.swift */,
				11794C9A26538F1D00B99377 /* Info.plist */,
			);
			path = "Space-XTests";
			sourceTree = "<group>";
		};
		11794CA226538F1D00B99377 /* Space-XUITests */ = {
			isa = PBXGroup;
			children = (
				11794CA326538F1D00B99377 /* Space_XUITests.swift */,
				11794CA526538F1D00B99377 /* Info.plist */,
			);
			path = "Space-XUITests";
			sourceTree = "<group>";
		};
		11794CB726538F5600B99377 /* Common */ = {
			isa = PBXGroup;
			children = (
				11794C8126538F1B00B99377 /* AppDelegate.swift */,
				118058EC2653ACE700BF4784 /* CustomClasses */,
				1180594A2653BD3500BF4784 /* DependencyContainer */,
				118057D6265395C100BF4784 /* Extenstions */,
				118059192653BB4000BF4784 /* Helper */,
				1180593F2653BD0400BF4784 /* Logger */,
				118058792653A70F00BF4784 /* Remote */,
				118058E12653AC1F00BF4784 /* WindowManager */,
			);
			path = Common;
			sourceTree = "<group>";
		};
		11794CB826538F5D00B99377 /* Modules */ = {
			isa = PBXGroup;
			children = (
			);
			path = Modules;
			sourceTree = "<group>";
		};
		11794CB926538F6B00B99377 /* Resources */ = {
			isa = PBXGroup;
			children = (
				11794C8F26538F1C00B99377 /* Info.plist */,
				1120FB4A2653935800147F41 /* Assets.xcassets */,
				1135B7EF265393F7009ED1D3 /* Colors.xcassets */,
				11794CBA26538F8A00B99377 /* Configuration */,
				118057CD2653949600BF4784 /* Fonts */,
				11794C8C26538F1C00B99377 /* LaunchScreen.storyboard */,
			);
			path = Resources;
			sourceTree = "<group>";
		};
		11794CBA26538F8A00B99377 /* Configuration */ = {
			isa = PBXGroup;
			children = (
				11794CCA2653916600B99377 /* Config-Development.xcconfig */,
				11794CCC2653918300B99377 /* Config-Production.xcconfig */,
				11794CCB2653917500B99377 /* Config-Stage.xcconfig */,
				11794CCD2653918A00B99377 /* GoogleServices */,
			);
			path = Configuration;
			sourceTree = "<group>";
		};
		11794CCD2653918A00B99377 /* GoogleServices */ = {
			isa = PBXGroup;
			children = (
			);
			path = GoogleServices;
			sourceTree = "<group>";
		};
		118057CD2653949600BF4784 /* Fonts */ = {
			isa = PBXGroup;
			children = (
			);
			path = Fonts;
			sourceTree = "<group>";
		};
		118057D6265395C100BF4784 /* Extenstions */ = {
			isa = PBXGroup;
			children = (
				1180581326539ACA00BF4784 /* Foundation */,
				118057D8265395D600BF4784 /* UIKit */,
			);
			path = Extenstions;
			sourceTree = "<group>";
		};
		118057D8265395D600BF4784 /* UIKit */ = {
			isa = PBXGroup;
			children = (
				118057F32653983300BF4784 /* NibLoadableView.swift */,
				118057F82653986800BF4784 /* UIViewControllerExtention.swift */,
				118057FD265398A400BF4784 /* UIAlertController.swift */,
				118058302653A34300BF4784 /* UIImageViewExtension.swift */,
				118058422653A48A00BF4784 /* UIViewExtention.swift */,
				118058472653A4CD00BF4784 /* CALayerExtension.swift */,
				1180584C2653A51B00BF4784 /* UIBezierPathExtension.swift */,
				118058712653A6A700BF4784 /* UIColorExtention.swift */,
			);
			path = UIKit;
			sourceTree = "<group>";
		};
		1180581326539ACA00BF4784 /* Foundation */ = {
			isa = PBXGroup;
			children = (
				118057E92653981000BF4784 /* JSONDecoderExtension.swift */,
				118057EE2653981F00BF4784 /* JSONEncoderExtension.swift */,
				118058DC2653AB7300BF4784 /* DataExtension.swift */,
				118058E72653AC7500BF4784 /* StringExtention.swift */,
			);
			path = Foundation;
			sourceTree = "<group>";
		};
		118058512653A5CF00BF4784 /* TableView */ = {
			isa = PBXGroup;
			children = (
				118058612653A61B00BF4784 /* CellViewModel.swift */,
				118058522653A5E100BF4784 /* SectionViewModel.swift */,
				118058572653A5F100BF4784 /* TableView.swift */,
				1180585C2653A60600BF4784 /* TableViewDataSource.swift */,
				118058662653A62C00BF4784 /* EmptyList */,
			);
			path = TableView;
			sourceTree = "<group>";
		};
		118058662653A62C00BF4784 /* EmptyList */ = {
			isa = PBXGroup;
			children = (
				118058672653A63800BF4784 /* EmptyListView.swift */,
				1180586C2653A64A00BF4784 /* EmptyListView.xib */,
			);
			path = EmptyList;
			sourceTree = "<group>";
		};
		118058792653A70F00BF4784 /* Remote */ = {
			isa = PBXGroup;
			children = (
				1180589B2653A87800BF4784 /* NetworkLayer */,
				118058922653A80F00BF4784 /* SpaceXNetwork */,
				1180587A2653A73200BF4784 /* NetworkNotifier */,
			);
			path = Remote;
			sourceTree = "<group>";
		};
		1180587A2653A73200BF4784 /* NetworkNotifier */ = {
			isa = PBXGroup;
			children = (
				1180587B2653A73C00BF4784 /* AlamofireNetworkReachabilityManager.swift */,
				118058832653A7C400BF4784 /* NetStatus.swift */,
				118058882653A7D400BF4784 /* NetworkStateNotifier.swift */,
				1180588D2653A7E300BF4784 /* NetworkNotifierProtocol.swift */,
			);
			path = NetworkNotifier;
			sourceTree = "<group>";
		};
		118058922653A80F00BF4784 /* SpaceXNetwork */ = {
			isa = PBXGroup;
			children = (
				118058932653A82C00BF4784 /* SpaceXNetworkFactory.swift */,
			);
			path = SpaceXNetwork;
			sourceTree = "<group>";
		};
		1180589B2653A87800BF4784 /* NetworkLayer */ = {
			isa = PBXGroup;
			children = (
				1180589E2653A8AD00BF4784 /* Errors */,
				118058B02653A8AD00BF4784 /* Moya */,
				118058AA2653A8AD00BF4784 /* NetworkManager */,
			);
			path = NetworkLayer;
			sourceTree = "<group>";
		};
		1180589E2653A8AD00BF4784 /* Errors */ = {
			isa = PBXGroup;
			children = (
				1180589F2653A8AD00BF4784 /* Handlers */,
				118058A82653A8AD00BF4784 /* GeneralErrors.swift */,
				118058A92653A8AD00BF4784 /* NetworkErrors.swift */,
				118058D72653AAE500BF4784 /* BackendError.swift */,
			);
			path = Errors;
			sourceTree = "<group>";
		};
		1180589F2653A8AD00BF4784 /* Handlers */ = {
			isa = PBXGroup;
			children = (
				118058A02653A8AD00BF4784 /* ErrorHandlerProtocol.swift */,
				118058A72653A8AD00BF4784 /* UnAuthorizedErrorHandler.swift */,
				118058A12653A8AD00BF4784 /* ForceUpdateHandler */,
			);
			path = Handlers;
			sourceTree = "<group>";
		};
		118058A12653A8AD00BF4784 /* ForceUpdateHandler */ = {
			isa = PBXGroup;
			children = (
				118058A22653A8AD00BF4784 /* ViewController */,
				118058A52653A8AD00BF4784 /* ForceUpdateErrorHandler.swift */,
				118058A62653A8AD00BF4784 /* ForceUpdateRouter.swift */,
			);
			path = ForceUpdateHandler;
			sourceTree = "<group>";
		};
		118058A22653A8AD00BF4784 /* ViewController */ = {
			isa = PBXGroup;
			children = (
				118058A32653A8AD00BF4784 /* ForceUpdateViewController.xib */,
				118058A42653A8AD00BF4784 /* ForceUpdateViewController.swift */,
			);
			path = ViewController;
			sourceTree = "<group>";
		};
		118058AA2653A8AD00BF4784 /* NetworkManager */ = {
			isa = PBXGroup;
			children = (
				118058AB2653A8AD00BF4784 /* AppInfoProvider.swift */,
				118058AC2653A8AD00BF4784 /* NetworkManagerProtocol.swift */,
				118058AD2653A8AD00BF4784 /* NetworkManager.swift */,
				118058AE2653A8AD00BF4784 /* RequestProtocol.swift */,
				118058AF2653A8AD00BF4784 /* TokenProvider.swift */,
			);
			path = NetworkManager;
			sourceTree = "<group>";
		};
		118058B02653A8AD00BF4784 /* Moya */ = {
			isa = PBXGroup;
			children = (
				118058B12653A8AD00BF4784 /* Connectivity.swift */,
				118058B22653A8AD00BF4784 /* CustomMoyaProvider.swift */,
				118058B82653A8AD00BF4784 /* CustomUrlEncoding.swift */,
				118058BA2653A8AD00BF4784 /* MoyaService.swift */,
				118058B92653A8AD00BF4784 /* MoyaTarget.swift */,
				118058B32653A8AD00BF4784 /* Plugins */,
			);
			path = Moya;
			sourceTree = "<group>";
		};
		118058B32653A8AD00BF4784 /* Plugins */ = {
			isa = PBXGroup;
			children = (
				118058B42653A8AD00BF4784 /* NetworkActivityPlugin.swift */,
				118058B52653A8AD00BF4784 /* AppInfoPlugin.swift */,
				118058B62653A8AD00BF4784 /* NetworkLoggerPlugin.swift */,
				118058B72653A8AD00BF4784 /* GeneralErrorHandlerPlugin.swift */,
			);
			path = Plugins;
			sourceTree = "<group>";
		};
		118058E12653AC1F00BF4784 /* WindowManager */ = {
			isa = PBXGroup;
			children = (
				118058E22653AC2A00BF4784 /* WindowManager.swift */,
				118058F92653B96200BF4784 /* Component */,
			);
			path = WindowManager;
			sourceTree = "<group>";
		};
		118058EC2653ACE700BF4784 /* CustomClasses */ = {
			isa = PBXGroup;
			children = (
				118058F52653AD0600BF4784 /* NavigationController */,
				118058512653A5CF00BF4784 /* TableView */,
			);
			path = CustomClasses;
			sourceTree = "<group>";
		};
		118058F52653AD0600BF4784 /* NavigationController */ = {
			isa = PBXGroup;
			children = (
				118058ED2653ACF600BF4784 /* CustomNavigationController.swift */,
			);
			path = NavigationController;
			sourceTree = "<group>";
		};
		118058F92653B96200BF4784 /* Component */ = {
			isa = PBXGroup;
			children = (
				118058FA2653B96200BF4784 /* UIWindow+ChangeRoot.swift */,
				118058FB2653B96200BF4784 /* RTAChangeRootProtocol.swift */,
				118058FC2653B96200BF4784 /* RTAChangeRootTransitionStyle.swift */,
				118058FD2653B96200BF4784 /* RTAChangeRootProtocolExtension.swift */,
				118058FE2653B96200BF4784 /* RTAChangeRootSegue.swift */,
			);
			path = Component;
			sourceTree = "<group>";
		};
		118059192653BB4000BF4784 /* Helper */ = {
			isa = PBXGroup;
			children = (
				1180591A2653BB4900BF4784 /* InfoDictionary.swift */,
			);
			path = Helper;
			sourceTree = "<group>";
		};
		1180593F2653BD0400BF4784 /* Logger */ = {
			isa = PBXGroup;
			children = (
				118059402653BD1200BF4784 /* Logger.swift */,
			);
			path = Logger;
			sourceTree = "<group>";
		};
		1180594A2653BD3500BF4784 /* DependencyContainer */ = {
			isa = PBXGroup;
			children = (
				118059452653BD2A00BF4784 /* DependencyContainer.swift */,
			);
			path = DependencyContainer;
			sourceTree = "<group>";
		};
		4F505BD5570E111A73D60078 /* Pods */ = {
			isa = PBXGroup;
			children = (
				348C24E3F220926746D3E98B /* Pods-Space-X.debug.xcconfig */,
				E854A4B116E362E326CE3D9F /* Pods-Space-X.release.xcconfig */,
				4F945F7466E44EA1717A55AF /* Pods-Space-X-Space-XUITests.debug.xcconfig */,
				F28A71A0864CA45DCD581F6D /* Pods-Space-X-Space-XUITests.release.xcconfig */,
				64ACD94179BC023CF1133CF0 /* Pods-Space-XTests.debug.xcconfig */,
				EFB81887F3B934F186585FCE /* Pods-Space-XTests.release.xcconfig */,
			);
			path = Pods;
			sourceTree = "<group>";
		};
		7990D662B8CF45456CFFD393 /* Frameworks */ = {
			isa = PBXGroup;
			children = (
				63BD45C203C1F366DA62480A /* Pods_Space_X.framework */,
				ADDA811E27785C37D13FD2C5 /* Pods_Space_X_Space_XUITests.framework */,
				5594ABA85451330483758A06 /* Pods_Space_XTests.framework */,
			);
			name = Frameworks;
			sourceTree = "<group>";
		};
/* End PBXGroup section */

/* Begin PBXNativeTarget section */
		11794C7D26538F1B00B99377 /* Space-X */ = {
			isa = PBXNativeTarget;
			buildConfigurationList = 11794CA826538F1D00B99377 /* Build configuration list for PBXNativeTarget "Space-X" */;
			buildPhases = (
				E5E7947D5E2F46DB579C6D50 /* [CP] Check Pods Manifest.lock */,
				11794C7A26538F1B00B99377 /* Sources */,
				11794C7B26538F1B00B99377 /* Frameworks */,
				11794C7C26538F1B00B99377 /* Resources */,
				03F02D09053AF28BD9D094FE /* [CP] Embed Pods Frameworks */,
			);
			buildRules = (
			);
			dependencies = (
			);
			name = "Space-X";
			productName = "Space-X";
			productReference = 11794C7E26538F1B00B99377 /* Space-X.app */;
			productType = "com.apple.product-type.application";
		};
		11794C9326538F1D00B99377 /* Space-XTests */ = {
			isa = PBXNativeTarget;
			buildConfigurationList = 11794CAB26538F1D00B99377 /* Build configuration list for PBXNativeTarget "Space-XTests" */;
			buildPhases = (
				397158019658CDD04D92837F /* [CP] Check Pods Manifest.lock */,
				11794C9026538F1D00B99377 /* Sources */,
				11794C9126538F1D00B99377 /* Frameworks */,
				11794C9226538F1D00B99377 /* Resources */,
			);
			buildRules = (
			);
			dependencies = (
				11794C9626538F1D00B99377 /* PBXTargetDependency */,
			);
			name = "Space-XTests";
			productName = "Space-XTests";
			productReference = 11794C9426538F1D00B99377 /* Space-XTests.xctest */;
			productType = "com.apple.product-type.bundle.unit-test";
		};
		11794C9E26538F1D00B99377 /* Space-XUITests */ = {
			isa = PBXNativeTarget;
			buildConfigurationList = 11794CAE26538F1D00B99377 /* Build configuration list for PBXNativeTarget "Space-XUITests" */;
			buildPhases = (
				05C6EBD3345F454DB798E283 /* [CP] Check Pods Manifest.lock */,
				11794C9B26538F1D00B99377 /* Sources */,
				11794C9C26538F1D00B99377 /* Frameworks */,
				11794C9D26538F1D00B99377 /* Resources */,
				43DFB405C8F533D6262CB4A8 /* [CP] Embed Pods Frameworks */,
			);
			buildRules = (
			);
			dependencies = (
				11794CA126538F1D00B99377 /* PBXTargetDependency */,
			);
			name = "Space-XUITests";
			productName = "Space-XUITests";
			productReference = 11794C9F26538F1D00B99377 /* Space-XUITests.xctest */;
			productType = "com.apple.product-type.bundle.ui-testing";
		};
/* End PBXNativeTarget section */

/* Begin PBXProject section */
		11794C7626538F1B00B99377 /* Project object */ = {
			isa = PBXProject;
			attributes = {
				LastSwiftUpdateCheck = 1240;
				LastUpgradeCheck = 1240;
				TargetAttributes = {
					11794C7D26538F1B00B99377 = {
						CreatedOnToolsVersion = 12.4;
					};
					11794C9326538F1D00B99377 = {
						CreatedOnToolsVersion = 12.4;
						TestTargetID = 11794C7D26538F1B00B99377;
					};
					11794C9E26538F1D00B99377 = {
						CreatedOnToolsVersion = 12.4;
						TestTargetID = 11794C7D26538F1B00B99377;
					};
				};
			};
			buildConfigurationList = 11794C7926538F1B00B99377 /* Build configuration list for PBXProject "Space-X" */;
			compatibilityVersion = "Xcode 9.3";
			developmentRegion = en;
			hasScannedForEncodings = 0;
			knownRegions = (
				en,
				Base,
			);
			mainGroup = 11794C7526538F1B00B99377;
			productRefGroup = 11794C7F26538F1B00B99377 /* Products */;
			projectDirPath = "";
			projectRoot = "";
			targets = (
				11794C7D26538F1B00B99377 /* Space-X */,
				11794C9326538F1D00B99377 /* Space-XTests */,
				11794C9E26538F1D00B99377 /* Space-XUITests */,
			);
		};
/* End PBXProject section */

/* Begin PBXResourcesBuildPhase section */
		11794C7C26538F1B00B99377 /* Resources */ = {
			isa = PBXResourcesBuildPhase;
			buildActionMask = 2147483647;
			files = (
				1180586D2653A64A00BF4784 /* EmptyListView.xib in Resources */,
				11794C8E26538F1C00B99377 /* LaunchScreen.storyboard in Resources */,
				1135B7F0265393F7009ED1D3 /* Colors.xcassets in Resources */,
				118058BC2653A8AD00BF4784 /* ForceUpdateViewController.xib in Resources */,
				1120FB4B2653935800147F41 /* Assets.xcassets in Resources */,
			);
			runOnlyForDeploymentPostprocessing = 0;
		};
		11794C9226538F1D00B99377 /* Resources */ = {
			isa = PBXResourcesBuildPhase;
			buildActionMask = 2147483647;
			files = (
			);
			runOnlyForDeploymentPostprocessing = 0;
		};
		11794C9D26538F1D00B99377 /* Resources */ = {
			isa = PBXResourcesBuildPhase;
			buildActionMask = 2147483647;
			files = (
			);
			runOnlyForDeploymentPostprocessing = 0;
		};
/* End PBXResourcesBuildPhase section */

/* Begin PBXShellScriptBuildPhase section */
		03F02D09053AF28BD9D094FE /* [CP] Embed Pods Frameworks */ = {
			isa = PBXShellScriptBuildPhase;
			buildActionMask = 2147483647;
			files = (
			);
			inputFileListPaths = (
				"${PODS_ROOT}/Target Support Files/Pods-Space-X/Pods-Space-X-frameworks-${CONFIGURATION}-input-files.xcfilelist",
			);
			name = "[CP] Embed Pods Frameworks";
			outputFileListPaths = (
				"${PODS_ROOT}/Target Support Files/Pods-Space-X/Pods-Space-X-frameworks-${CONFIGURATION}-output-files.xcfilelist",
			);
			runOnlyForDeploymentPostprocessing = 0;
			shellPath = /bin/sh;
			shellScript = "\"${PODS_ROOT}/Target Support Files/Pods-Space-X/Pods-Space-X-frameworks.sh\"\n";
			showEnvVarsInLog = 0;
		};
		05C6EBD3345F454DB798E283 /* [CP] Check Pods Manifest.lock */ = {
			isa = PBXShellScriptBuildPhase;
			buildActionMask = 2147483647;
			files = (
			);
			inputFileListPaths = (
			);
			inputPaths = (
				"${PODS_PODFILE_DIR_PATH}/Podfile.lock",
				"${PODS_ROOT}/Manifest.lock",
			);
			name = "[CP] Check Pods Manifest.lock";
			outputFileListPaths = (
			);
			outputPaths = (
				"$(DERIVED_FILE_DIR)/Pods-Space-X-Space-XUITests-checkManifestLockResult.txt",
			);
			runOnlyForDeploymentPostprocessing = 0;
			shellPath = /bin/sh;
			shellScript = "diff \"${PODS_PODFILE_DIR_PATH}/Podfile.lock\" \"${PODS_ROOT}/Manifest.lock\" > /dev/null\nif [ $? != 0 ] ; then\n    # print error to STDERR\n    echo \"error: The sandbox is not in sync with the Podfile.lock. Run 'pod install' or update your CocoaPods installation.\" >&2\n    exit 1\nfi\n# This output is used by Xcode 'outputs' to avoid re-running this script phase.\necho \"SUCCESS\" > \"${SCRIPT_OUTPUT_FILE_0}\"\n";
			showEnvVarsInLog = 0;
		};
		397158019658CDD04D92837F /* [CP] Check Pods Manifest.lock */ = {
			isa = PBXShellScriptBuildPhase;
			buildActionMask = 2147483647;
			files = (
			);
			inputFileListPaths = (
			);
			inputPaths = (
				"${PODS_PODFILE_DIR_PATH}/Podfile.lock",
				"${PODS_ROOT}/Manifest.lock",
			);
			name = "[CP] Check Pods Manifest.lock";
			outputFileListPaths = (
			);
			outputPaths = (
				"$(DERIVED_FILE_DIR)/Pods-Space-XTests-checkManifestLockResult.txt",
			);
			runOnlyForDeploymentPostprocessing = 0;
			shellPath = /bin/sh;
			shellScript = "diff \"${PODS_PODFILE_DIR_PATH}/Podfile.lock\" \"${PODS_ROOT}/Manifest.lock\" > /dev/null\nif [ $? != 0 ] ; then\n    # print error to STDERR\n    echo \"error: The sandbox is not in sync with the Podfile.lock. Run 'pod install' or update your CocoaPods installation.\" >&2\n    exit 1\nfi\n# This output is used by Xcode 'outputs' to avoid re-running this script phase.\necho \"SUCCESS\" > \"${SCRIPT_OUTPUT_FILE_0}\"\n";
			showEnvVarsInLog = 0;
		};
		43DFB405C8F533D6262CB4A8 /* [CP] Embed Pods Frameworks */ = {
			isa = PBXShellScriptBuildPhase;
			buildActionMask = 2147483647;
			files = (
			);
			inputFileListPaths = (
				"${PODS_ROOT}/Target Support Files/Pods-Space-X-Space-XUITests/Pods-Space-X-Space-XUITests-frameworks-${CONFIGURATION}-input-files.xcfilelist",
			);
			name = "[CP] Embed Pods Frameworks";
			outputFileListPaths = (
				"${PODS_ROOT}/Target Support Files/Pods-Space-X-Space-XUITests/Pods-Space-X-Space-XUITests-frameworks-${CONFIGURATION}-output-files.xcfilelist",
			);
			runOnlyForDeploymentPostprocessing = 0;
			shellPath = /bin/sh;
			shellScript = "\"${PODS_ROOT}/Target Support Files/Pods-Space-X-Space-XUITests/Pods-Space-X-Space-XUITests-frameworks.sh\"\n";
			showEnvVarsInLog = 0;
		};
		E5E7947D5E2F46DB579C6D50 /* [CP] Check Pods Manifest.lock */ = {
			isa = PBXShellScriptBuildPhase;
			buildActionMask = 2147483647;
			files = (
			);
			inputFileListPaths = (
			);
			inputPaths = (
				"${PODS_PODFILE_DIR_PATH}/Podfile.lock",
				"${PODS_ROOT}/Manifest.lock",
			);
			name = "[CP] Check Pods Manifest.lock";
			outputFileListPaths = (
			);
			outputPaths = (
				"$(DERIVED_FILE_DIR)/Pods-Space-X-checkManifestLockResult.txt",
			);
			runOnlyForDeploymentPostprocessing = 0;
			shellPath = /bin/sh;
			shellScript = "diff \"${PODS_PODFILE_DIR_PATH}/Podfile.lock\" \"${PODS_ROOT}/Manifest.lock\" > /dev/null\nif [ $? != 0 ] ; then\n    # print error to STDERR\n    echo \"error: The sandbox is not in sync with the Podfile.lock. Run 'pod install' or update your CocoaPods installation.\" >&2\n    exit 1\nfi\n# This output is used by Xcode 'outputs' to avoid re-running this script phase.\necho \"SUCCESS\" > \"${SCRIPT_OUTPUT_FILE_0}\"\n";
			showEnvVarsInLog = 0;
		};
/* End PBXShellScriptBuildPhase section */

/* Begin PBXSourcesBuildPhase section */
		11794C7A26538F1B00B99377 /* Sources */ = {
			isa = PBXSourcesBuildPhase;
			buildActionMask = 2147483647;
			files = (
				118057F42653983300BF4784 /* NibLoadableView.swift in Sources */,
				118058C12653A8AD00BF4784 /* GeneralErrors.swift in Sources */,
				118058C82653A8AE00BF4784 /* Connectivity.swift in Sources */,
				118058CD2653A8AE00BF4784 /* GeneralErrorHandlerPlugin.swift in Sources */,
				118058582653A5F100BF4784 /* TableView.swift in Sources */,
				118059032653B96200BF4784 /* RTAChangeRootSegue.swift in Sources */,
				118058BD2653A8AD00BF4784 /* ForceUpdateViewController.swift in Sources */,
				118058EE2653ACF600BF4784 /* CustomNavigationController.swift in Sources */,
				118058CC2653A8AE00BF4784 /* NetworkLoggerPlugin.swift in Sources */,
				118058CE2653A8AE00BF4784 /* CustomUrlEncoding.swift in Sources */,
				118058312653A34300BF4784 /* UIImageViewExtension.swift in Sources */,
				118057F92653986800BF4784 /* UIViewControllerExtention.swift in Sources */,
				118058892653A7D400BF4784 /* NetworkStateNotifier.swift in Sources */,
				118058CA2653A8AE00BF4784 /* NetworkActivityPlugin.swift in Sources */,
				118059462653BD2A00BF4784 /* DependencyContainer.swift in Sources */,
				118057EA2653981000BF4784 /* JSONDecoderExtension.swift in Sources */,
				118058CB2653A8AE00BF4784 /* AppInfoPlugin.swift in Sources */,
				118058E32653AC2A00BF4784 /* WindowManager.swift in Sources */,
				118059012653B96200BF4784 /* RTAChangeRootTransitionStyle.swift in Sources */,
				118057EF2653981F00BF4784 /* JSONEncoderExtension.swift in Sources */,
				118057FE265398A400BF4784 /* UIAlertController.swift in Sources */,
				118058C32653A8AD00BF4784 /* AppInfoProvider.swift in Sources */,
				118058C62653A8AD00BF4784 /* RequestProtocol.swift in Sources */,
				118058C92653A8AE00BF4784 /* CustomMoyaProvider.swift in Sources */,
				1180588E2653A7E300BF4784 /* NetworkNotifierProtocol.swift in Sources */,
				1180591B2653BB4900BF4784 /* InfoDictionary.swift in Sources */,
				118058C72653A8AD00BF4784 /* TokenProvider.swift in Sources */,
				118058842653A7C400BF4784 /* NetStatus.swift in Sources */,
				118058532653A5E100BF4784 /* SectionViewModel.swift in Sources */,
				118058482653A4CD00BF4784 /* CALayerExtension.swift in Sources */,
				118059412653BD1200BF4784 /* Logger.swift in Sources */,
				118058D82653AAE500BF4784 /* BackendError.swift in Sources */,
				118058DD2653AB7300BF4784 /* DataExtension.swift in Sources */,
				118058E82653AC7500BF4784 /* StringExtention.swift in Sources */,
				1180584D2653A51B00BF4784 /* UIBezierPathExtension.swift in Sources */,
				118058622653A61B00BF4784 /* CellViewModel.swift in Sources */,
				118059002653B96200BF4784 /* RTAChangeRootProtocol.swift in Sources */,
				118058FF2653B96200BF4784 /* UIWindow+ChangeRoot.swift in Sources */,
				1180585D2653A60600BF4784 /* TableViewDataSource.swift in Sources */,
				118058C52653A8AD00BF4784 /* NetworkManager.swift in Sources */,
				118058C22653A8AD00BF4784 /* NetworkErrors.swift in Sources */,
				118058722653A6A700BF4784 /* UIColorExtention.swift in Sources */,
				11794C8226538F1B00B99377 /* AppDelegate.swift in Sources */,
				118058BE2653A8AD00BF4784 /* ForceUpdateErrorHandler.swift in Sources */,
				118058942653A82D00BF4784 /* SpaceXNetworkFactory.swift in Sources */,
				118058432653A48A00BF4784 /* UIViewExtention.swift in Sources */,
				118058BB2653A8AD00BF4784 /* ErrorHandlerProtocol.swift in Sources */,
				118059022653B96200BF4784 /* RTAChangeRootProtocolExtension.swift in Sources */,
				118058BF2653A8AD00BF4784 /* ForceUpdateRouter.swift in Sources */,
				1180587C2653A73C00BF4784 /* AlamofireNetworkReachabilityManager.swift in Sources */,
				118058D02653A8AE00BF4784 /* MoyaService.swift in Sources */,
				118058682653A63800BF4784 /* EmptyListView.swift in Sources */,
				118058C42653A8AD00BF4784 /* NetworkManagerProtocol.swift in Sources */,
				118058CF2653A8AE00BF4784 /* MoyaTarget.swift in Sources */,
				118058C02653A8AD00BF4784 /* UnAuthorizedErrorHandler.swift in Sources */,
			);
			runOnlyForDeploymentPostprocessing = 0;
		};
		11794C9026538F1D00B99377 /* Sources */ = {
			isa = PBXSourcesBuildPhase;
			buildActionMask = 2147483647;
			files = (
				11794C9926538F1D00B99377 /* Space_XTests.swift in Sources */,
			);
			runOnlyForDeploymentPostprocessing = 0;
		};
		11794C9B26538F1D00B99377 /* Sources */ = {
			isa = PBXSourcesBuildPhase;
			buildActionMask = 2147483647;
			files = (
				11794CA426538F1D00B99377 /* Space_XUITests.swift in Sources */,
			);
			runOnlyForDeploymentPostprocessing = 0;
		};
/* End PBXSourcesBuildPhase section */

/* Begin PBXTargetDependency section */
		11794C9626538F1D00B99377 /* PBXTargetDependency */ = {
			isa = PBXTargetDependency;
			target = 11794C7D26538F1B00B99377 /* Space-X */;
			targetProxy = 11794C9526538F1D00B99377 /* PBXContainerItemProxy */;
		};
		11794CA126538F1D00B99377 /* PBXTargetDependency */ = {
			isa = PBXTargetDependency;
			target = 11794C7D26538F1B00B99377 /* Space-X */;
			targetProxy = 11794CA026538F1D00B99377 /* PBXContainerItemProxy */;
		};
/* End PBXTargetDependency section */

/* Begin PBXVariantGroup section */
		11794C8C26538F1C00B99377 /* LaunchScreen.storyboard */ = {
			isa = PBXVariantGroup;
			children = (
				11794C8D26538F1C00B99377 /* Base */,
			);
			name = LaunchScreen.storyboard;
			sourceTree = "<group>";
		};
/* End PBXVariantGroup section */

/* Begin XCBuildConfiguration section */
		11794CA626538F1D00B99377 /* Debug */ = {
			isa = XCBuildConfiguration;
			buildSettings = {
				ALWAYS_SEARCH_USER_PATHS = NO;
				CLANG_ANALYZER_NONNULL = YES;
				CLANG_ANALYZER_NUMBER_OBJECT_CONVERSION = YES_AGGRESSIVE;
				CLANG_CXX_LANGUAGE_STANDARD = "gnu++14";
				CLANG_CXX_LIBRARY = "libc++";
				CLANG_ENABLE_MODULES = YES;
				CLANG_ENABLE_OBJC_ARC = YES;
				CLANG_ENABLE_OBJC_WEAK = YES;
				CLANG_WARN_BLOCK_CAPTURE_AUTORELEASING = YES;
				CLANG_WARN_BOOL_CONVERSION = YES;
				CLANG_WARN_COMMA = YES;
				CLANG_WARN_CONSTANT_CONVERSION = YES;
				CLANG_WARN_DEPRECATED_OBJC_IMPLEMENTATIONS = YES;
				CLANG_WARN_DIRECT_OBJC_ISA_USAGE = YES_ERROR;
				CLANG_WARN_DOCUMENTATION_COMMENTS = YES;
				CLANG_WARN_EMPTY_BODY = YES;
				CLANG_WARN_ENUM_CONVERSION = YES;
				CLANG_WARN_INFINITE_RECURSION = YES;
				CLANG_WARN_INT_CONVERSION = YES;
				CLANG_WARN_NON_LITERAL_NULL_CONVERSION = YES;
				CLANG_WARN_OBJC_IMPLICIT_RETAIN_SELF = YES;
				CLANG_WARN_OBJC_LITERAL_CONVERSION = YES;
				CLANG_WARN_OBJC_ROOT_CLASS = YES_ERROR;
				CLANG_WARN_QUOTED_INCLUDE_IN_FRAMEWORK_HEADER = YES;
				CLANG_WARN_RANGE_LOOP_ANALYSIS = YES;
				CLANG_WARN_STRICT_PROTOTYPES = YES;
				CLANG_WARN_SUSPICIOUS_MOVE = YES;
				CLANG_WARN_UNGUARDED_AVAILABILITY = YES_AGGRESSIVE;
				CLANG_WARN_UNREACHABLE_CODE = YES;
				CLANG_WARN__DUPLICATE_METHOD_MATCH = YES;
				COPY_PHASE_STRIP = NO;
				DEBUG_INFORMATION_FORMAT = dwarf;
				ENABLE_STRICT_OBJC_MSGSEND = YES;
				ENABLE_TESTABILITY = YES;
				GCC_C_LANGUAGE_STANDARD = gnu11;
				GCC_DYNAMIC_NO_PIC = NO;
				GCC_NO_COMMON_BLOCKS = YES;
				GCC_OPTIMIZATION_LEVEL = 0;
				GCC_PREPROCESSOR_DEFINITIONS = (
					"DEBUG=1",
					"$(inherited)",
				);
				GCC_WARN_64_TO_32_BIT_CONVERSION = YES;
				GCC_WARN_ABOUT_RETURN_TYPE = YES_ERROR;
				GCC_WARN_UNDECLARED_SELECTOR = YES;
				GCC_WARN_UNINITIALIZED_AUTOS = YES_AGGRESSIVE;
				GCC_WARN_UNUSED_FUNCTION = YES;
				GCC_WARN_UNUSED_VARIABLE = YES;
				IPHONEOS_DEPLOYMENT_TARGET = 14.4;
				MTL_ENABLE_DEBUG_INFO = INCLUDE_SOURCE;
				MTL_FAST_MATH = YES;
				ONLY_ACTIVE_ARCH = YES;
				SDKROOT = iphoneos;
				SWIFT_ACTIVE_COMPILATION_CONDITIONS = DEBUG;
				SWIFT_OPTIMIZATION_LEVEL = "-Onone";
			};
			name = Debug;
		};
		11794CA726538F1D00B99377 /* Release */ = {
			isa = XCBuildConfiguration;
			buildSettings = {
				ALWAYS_SEARCH_USER_PATHS = NO;
				CLANG_ANALYZER_NONNULL = YES;
				CLANG_ANALYZER_NUMBER_OBJECT_CONVERSION = YES_AGGRESSIVE;
				CLANG_CXX_LANGUAGE_STANDARD = "gnu++14";
				CLANG_CXX_LIBRARY = "libc++";
				CLANG_ENABLE_MODULES = YES;
				CLANG_ENABLE_OBJC_ARC = YES;
				CLANG_ENABLE_OBJC_WEAK = YES;
				CLANG_WARN_BLOCK_CAPTURE_AUTORELEASING = YES;
				CLANG_WARN_BOOL_CONVERSION = YES;
				CLANG_WARN_COMMA = YES;
				CLANG_WARN_CONSTANT_CONVERSION = YES;
				CLANG_WARN_DEPRECATED_OBJC_IMPLEMENTATIONS = YES;
				CLANG_WARN_DIRECT_OBJC_ISA_USAGE = YES_ERROR;
				CLANG_WARN_DOCUMENTATION_COMMENTS = YES;
				CLANG_WARN_EMPTY_BODY = YES;
				CLANG_WARN_ENUM_CONVERSION = YES;
				CLANG_WARN_INFINITE_RECURSION = YES;
				CLANG_WARN_INT_CONVERSION = YES;
				CLANG_WARN_NON_LITERAL_NULL_CONVERSION = YES;
				CLANG_WARN_OBJC_IMPLICIT_RETAIN_SELF = YES;
				CLANG_WARN_OBJC_LITERAL_CONVERSION = YES;
				CLANG_WARN_OBJC_ROOT_CLASS = YES_ERROR;
				CLANG_WARN_QUOTED_INCLUDE_IN_FRAMEWORK_HEADER = YES;
				CLANG_WARN_RANGE_LOOP_ANALYSIS = YES;
				CLANG_WARN_STRICT_PROTOTYPES = YES;
				CLANG_WARN_SUSPICIOUS_MOVE = YES;
				CLANG_WARN_UNGUARDED_AVAILABILITY = YES_AGGRESSIVE;
				CLANG_WARN_UNREACHABLE_CODE = YES;
				CLANG_WARN__DUPLICATE_METHOD_MATCH = YES;
				COPY_PHASE_STRIP = NO;
				DEBUG_INFORMATION_FORMAT = "dwarf-with-dsym";
				ENABLE_NS_ASSERTIONS = NO;
				ENABLE_STRICT_OBJC_MSGSEND = YES;
				GCC_C_LANGUAGE_STANDARD = gnu11;
				GCC_NO_COMMON_BLOCKS = YES;
				GCC_WARN_64_TO_32_BIT_CONVERSION = YES;
				GCC_WARN_ABOUT_RETURN_TYPE = YES_ERROR;
				GCC_WARN_UNDECLARED_SELECTOR = YES;
				GCC_WARN_UNINITIALIZED_AUTOS = YES_AGGRESSIVE;
				GCC_WARN_UNUSED_FUNCTION = YES;
				GCC_WARN_UNUSED_VARIABLE = YES;
				IPHONEOS_DEPLOYMENT_TARGET = 14.4;
				MTL_ENABLE_DEBUG_INFO = NO;
				MTL_FAST_MATH = YES;
				SDKROOT = iphoneos;
				SWIFT_COMPILATION_MODE = wholemodule;
				SWIFT_OPTIMIZATION_LEVEL = "-O";
				VALIDATE_PRODUCT = YES;
			};
			name = Release;
		};
		11794CA926538F1D00B99377 /* Debug */ = {
			isa = XCBuildConfiguration;
			baseConfigurationReference = 348C24E3F220926746D3E98B /* Pods-Space-X.debug.xcconfig */;
			buildSettings = {
				ASSETCATALOG_COMPILER_APPICON_NAME = AppIcon;
				ASSETCATALOG_COMPILER_GLOBAL_ACCENT_COLOR_NAME = AccentColor;
				CODE_SIGN_STYLE = Automatic;
				DEVELOPMENT_TEAM = 2W4U2P3K99;
				INFOPLIST_FILE = "Space-X/Resources/Info.plist";
				IPHONEOS_DEPLOYMENT_TARGET = 11.0;
				LD_RUNPATH_SEARCH_PATHS = (
					"$(inherited)",
					"@executable_path/Frameworks",
				);
				PRODUCT_BUNDLE_IDENTIFIER = "com.SDT.SpaceX.Space-X";
				PRODUCT_NAME = "$(TARGET_NAME)";
				SWIFT_VERSION = 5.0;
				TARGETED_DEVICE_FAMILY = 1;
			};
			name = Debug;
		};
		11794CAA26538F1D00B99377 /* Release */ = {
			isa = XCBuildConfiguration;
			baseConfigurationReference = E854A4B116E362E326CE3D9F /* Pods-Space-X.release.xcconfig */;
			buildSettings = {
				ASSETCATALOG_COMPILER_APPICON_NAME = AppIcon;
				ASSETCATALOG_COMPILER_GLOBAL_ACCENT_COLOR_NAME = AccentColor;
				CODE_SIGN_STYLE = Automatic;
				DEVELOPMENT_TEAM = 2W4U2P3K99;
				INFOPLIST_FILE = "Space-X/Resources/Info.plist";
				IPHONEOS_DEPLOYMENT_TARGET = 11.0;
				LD_RUNPATH_SEARCH_PATHS = (
					"$(inherited)",
					"@executable_path/Frameworks",
				);
				PRODUCT_BUNDLE_IDENTIFIER = "com.SDT.SpaceX.Space-X";
				PRODUCT_NAME = "$(TARGET_NAME)";
				SWIFT_VERSION = 5.0;
				TARGETED_DEVICE_FAMILY = 1;
			};
			name = Release;
		};
		11794CAC26538F1D00B99377 /* Debug */ = {
			isa = XCBuildConfiguration;
			baseConfigurationReference = 64ACD94179BC023CF1133CF0 /* Pods-Space-XTests.debug.xcconfig */;
			buildSettings = {
				ALWAYS_EMBED_SWIFT_STANDARD_LIBRARIES = YES;
				BUNDLE_LOADER = "$(TEST_HOST)";
				CODE_SIGN_STYLE = Automatic;
				INFOPLIST_FILE = "Space-XTests/Info.plist";
				IPHONEOS_DEPLOYMENT_TARGET = 14.4;
				LD_RUNPATH_SEARCH_PATHS = (
					"$(inherited)",
					"@executable_path/Frameworks",
					"@loader_path/Frameworks",
				);
				PRODUCT_BUNDLE_IDENTIFIER = "com.SDT.SpaceX.Space-XTests";
				PRODUCT_NAME = "$(TARGET_NAME)";
				SWIFT_VERSION = 5.0;
				TARGETED_DEVICE_FAMILY = "1,2";
				TEST_HOST = "$(BUILT_PRODUCTS_DIR)/Space-X.app/Space-X";
			};
			name = Debug;
		};
		11794CAD26538F1D00B99377 /* Release */ = {
			isa = XCBuildConfiguration;
			baseConfigurationReference = EFB81887F3B934F186585FCE /* Pods-Space-XTests.release.xcconfig */;
			buildSettings = {
				ALWAYS_EMBED_SWIFT_STANDARD_LIBRARIES = YES;
				BUNDLE_LOADER = "$(TEST_HOST)";
				CODE_SIGN_STYLE = Automatic;
				INFOPLIST_FILE = "Space-XTests/Info.plist";
				IPHONEOS_DEPLOYMENT_TARGET = 14.4;
				LD_RUNPATH_SEARCH_PATHS = (
					"$(inherited)",
					"@executable_path/Frameworks",
					"@loader_path/Frameworks",
				);
				PRODUCT_BUNDLE_IDENTIFIER = "com.SDT.SpaceX.Space-XTests";
				PRODUCT_NAME = "$(TARGET_NAME)";
				SWIFT_VERSION = 5.0;
				TARGETED_DEVICE_FAMILY = "1,2";
				TEST_HOST = "$(BUILT_PRODUCTS_DIR)/Space-X.app/Space-X";
			};
			name = Release;
		};
		11794CAF26538F1D00B99377 /* Debug */ = {
			isa = XCBuildConfiguration;
			baseConfigurationReference = 4F945F7466E44EA1717A55AF /* Pods-Space-X-Space-XUITests.debug.xcconfig */;
			buildSettings = {
				ALWAYS_EMBED_SWIFT_STANDARD_LIBRARIES = YES;
				CODE_SIGN_STYLE = Automatic;
				INFOPLIST_FILE = "Space-XUITests/Info.plist";
				LD_RUNPATH_SEARCH_PATHS = (
					"$(inherited)",
					"@executable_path/Frameworks",
					"@loader_path/Frameworks",
				);
				PRODUCT_BUNDLE_IDENTIFIER = "com.SDT.SpaceX.Space-XUITests";
				PRODUCT_NAME = "$(TARGET_NAME)";
				SWIFT_VERSION = 5.0;
				TARGETED_DEVICE_FAMILY = "1,2";
				TEST_TARGET_NAME = "Space-X";
			};
			name = Debug;
		};
		11794CB026538F1D00B99377 /* Release */ = {
			isa = XCBuildConfiguration;
			baseConfigurationReference = F28A71A0864CA45DCD581F6D /* Pods-Space-X-Space-XUITests.release.xcconfig */;
			buildSettings = {
				ALWAYS_EMBED_SWIFT_STANDARD_LIBRARIES = YES;
				CODE_SIGN_STYLE = Automatic;
				INFOPLIST_FILE = "Space-XUITests/Info.plist";
				LD_RUNPATH_SEARCH_PATHS = (
					"$(inherited)",
					"@executable_path/Frameworks",
					"@loader_path/Frameworks",
				);
				PRODUCT_BUNDLE_IDENTIFIER = "com.SDT.SpaceX.Space-XUITests";
				PRODUCT_NAME = "$(TARGET_NAME)";
				SWIFT_VERSION = 5.0;
				TARGETED_DEVICE_FAMILY = "1,2";
				TEST_TARGET_NAME = "Space-X";
			};
			name = Release;
		};
/* End XCBuildConfiguration section */

/* Begin XCConfigurationList section */
		11794C7926538F1B00B99377 /* Build configuration list for PBXProject "Space-X" */ = {
			isa = XCConfigurationList;
			buildConfigurations = (
				11794CA626538F1D00B99377 /* Debug */,
				11794CA726538F1D00B99377 /* Release */,
			);
			defaultConfigurationIsVisible = 0;
			defaultConfigurationName = Release;
		};
		11794CA826538F1D00B99377 /* Build configuration list for PBXNativeTarget "Space-X" */ = {
			isa = XCConfigurationList;
			buildConfigurations = (
				11794CA926538F1D00B99377 /* Debug */,
				11794CAA26538F1D00B99377 /* Release */,
			);
			defaultConfigurationIsVisible = 0;
			defaultConfigurationName = Release;
		};
		11794CAB26538F1D00B99377 /* Build configuration list for PBXNativeTarget "Space-XTests" */ = {
			isa = XCConfigurationList;
			buildConfigurations = (
				11794CAC26538F1D00B99377 /* Debug */,
				11794CAD26538F1D00B99377 /* Release */,
			);
			defaultConfigurationIsVisible = 0;
			defaultConfigurationName = Release;
		};
		11794CAE26538F1D00B99377 /* Build configuration list for PBXNativeTarget "Space-XUITests" */ = {
			isa = XCConfigurationList;
			buildConfigurations = (
				11794CAF26538F1D00B99377 /* Debug */,
				11794CB026538F1D00B99377 /* Release */,
			);
			defaultConfigurationIsVisible = 0;
			defaultConfigurationName = Release;
		};
/* End XCConfigurationList section */
	};
	rootObject = 11794C7626538F1B00B99377 /* Project object */;
}
